
Microsoft Visual Studio Solution File, Format Version 12.00
# Visual Studio Version 17
VisualStudioVersion = 17.11.35208.52
MinimumVisualStudioVersion = 10.0.40219.1
Project("{FAE04EC0-301F-11D3-BF4B-00C04F79EFBC}") = "VerticalSliceApp", "VerticalSliceApp\VerticalSliceApp.csproj", "{99BF30CB-9772-4123-A2CA-B83204280795}"
EndProject
Global
	GlobalSection(SolutionConfigurationPlatforms) = preSolution
		Debug|Any CPU = Debug|Any CPU
		Release|Any CPU = Release|Any CPU
	EndGlobalSection
	GlobalSection(ProjectConfigurationPlatforms) = postSolution
		{99BF30CB-9772-4123-A2CA-B83204280795}.Debug|Any CPU.ActiveCfg = Debug|Any CPU
		{99BF30CB-9772-4123-A2CA-B83204280795}.Debug|Any CPU.Build.0 = Debug|Any CPU
		{99BF30CB-9772-4123-A2CA-B83204280795}.Release|Any CPU.ActiveCfg = Release|Any CPU
		{99BF30CB-9772-4123-A2CA-B83204280795}.Release|Any CPU.Build.0 = Release|Any CPU
	EndGlobalSection
	GlobalSection(SolutionProperties) = preSolution
		HideSolutionNode = FALSE
	EndGlobalSection
	GlobalSection(ExtensibilityGlobals) = postSolution
		SolutionGuid = {439F55BA-BC8E-479F-979A-FADC74D1C380}
	EndGlobalSection
EndGlobal
